PODS:
  - Flutter (1.0.0)
  - flutter_dtmf (0.0.3):
    - Flutter

DEPENDENCIES:
  - Flutter (from `Flutter`)
  - flutter_dtmf (from `.symlinks/plugins/flutter_dtmf/ios`)

EXTERNAL SOURCES:
  Flutter:
    :path: Flutter
  flutter_dtmf:
    :path: ".symlinks/plugins/flutter_dtmf/ios"

SPEC CHECKSUMS:
  Flutter: 0e3d915762c693b495b44d77113d4970485de6ec
  flutter_dtmf: 9a96160f1d38f96adf7293b1cde10f71c813c4ac

PODFILE CHECKSUM: aafe91acc616949ddb318b77800a7f51bffa2a4c

COCOAPODS: 1.8.4
